{
  "name": "Healing-Partners",
  "lockfileVersion": 3,
  "requires": true,
  "packages": {
    "": {
      "devDependencies": {
        "supabase": "^2.118.0-beta.5"
      }
    },
    "node_modules/@ecies/ciphers": {
      "version": "0.2.6",
      "resolved": "https://registry.npmjs.org/@ecies/ciphers/-/ciphers-0.2.6.tgz",
      "integrity": "sha512-patgsRPKGkhhoBjETV4XxD0En4ui5fbX0hzayqI3M8tvNMGUoUvmyYAIWwlxBc1KX5cturfqByYdj5bYGRpN9g==",
      "dev": true,
      "license": "MIT",
      "engines": {
        "bun": ">=1",
        "deno": ">=2.7.10",
        "node": ">=16"
      },
      "peerDependencies": {
        "@noble/ciphers": "^1.0.0"
      }
    },
    "node_modules/@noble/ciphers": {
      "version": "1.3.0",
      "resolved": "https://registry.npmjs.org/@noble/ciphers/-/ciphers-1.3.0.tgz",
      "integrity": "sha512-2I0gnIVPtfnMw9ee9h1dJG7tp81+8Ob3OJb3Mv37rx5L40/b0i7djjCVvGOVqc9AEIQyvyu1i6ypKdFw8R8gQw==",
      "dev": true,
      "license": "MIT",
      "engines": {
        "node": "^14.21.3 || >=16"
      },
      "funding": {
        "url": "https://paulmillr.com/funding/"
      }
    },
    "node_modules/@noble/curves": {
      "version": "1.9.7",
      "resolved": "https://registry.npmjs.org/@noble/curves/-/curves-1.9.7.tgz",
      "integrity": "sha512-gbKGcRUYIjA3/zCCNaWDciTMFI0dCkvou3TL8Zmy5Nc7sJ47a0jtOeZoTaMxkuqRo9cRhjOdZJXegxYE5FN/xw==",
      "dev": true,
      "license": "MIT",
      "dependencies": {
        "@noble/hashes": "1.8.0"
      },
      "engines": {
        "node": "^14.21.3 || >=16"
      },
      "funding": {
        "url": "https://paulmillr.com/funding/"
      }
    },
    "node_modules/@noble/hashes": {
      "version": "1.8.0",
      "resolved": "https://registry.npmjs.org/@noble/hashes/-/hashes-1.8.0.tgz",
      "integrity": "sha512-jCs9ldd7NwzpgXDIf6P3+NrHh9/sD6CQdxHyjQI+h/6rDNo88ypBxxz45UDuZHz9r3tNz7N/VInSVoVdtXEI4A==",
      "dev": true,
      "license": "MIT",
      "engines": {
        "node": "^14.21.3 || >=16"
      },
      "funding": {
        "url": "https://paulmillr.com/funding/"
      }
    },
    "node_modules/@supabase/cli-darwin-arm64": {
      "version": "2.118.0-beta.5",
      "resolved": "https://registry.npmjs.org/@supabase/cli-darwin-arm64/-/cli-darwin-arm64-2.118.0-beta.5.tgz",
      "integrity": "sha512-n0RvVzzH32zMMcDKujBZaryFlH4SiulbNFawkzGEZb02Bjwm+lrntKVc2TZzON2utA+7GQUv3ymhHpNsM0bnrg==",
      "cpu": [
        "arm64"
      ],
      "dev": true,
      "license": "MIT",
      "optional": true,
      "os": [
        "darwin"
      ]
    },
    "node_modules/@supabase/cli-darwin-x64": {
      "version": "2.118.0-beta.5",
      "resolved": "https://registry.npmjs.org/@supabase/cli-darwin-x64/-/cli-darwin-x64-2.118.0-beta.5.tgz",
      "integrity": "sha512-W4BBfQc58qhjeM4kKWgnXf4WLcVQG1uSefRIjo2PplSZpv8Ac7stBlN8XX0oYXqAMsiC0zVai3CQb2w9Z5vBDA==",
      "cpu": [
        "x64"
      ],
      "dev": true,
      "license": "MIT",
      "optional": true,
      "os": [
        "darwin"
      ]
    },
    "node_modules/@supabase/cli-linux-arm64": {
      "version": "2.118.0-beta.5",
      "resolved": "https://registry.npmjs.org/@supabase/cli-linux-arm64/-/cli-linux-arm64-2.118.0-beta.5.tgz",
      "integrity": "sha512-V+JK5RVYC3EfXMvYZMd2Qx9HhoDBYbsK+dVjg2UpttPfEQvyN4ZMvp76OmCsVe/ibQAgX8xuoJiMAJBkOXTDvA==",
      "cpu": [
        "arm64"
      ],
      "dev": true,
      "libc": [
        "glibc"
      ],
      "license": "MIT",
      "optional": true,
      "os": [
        "linux"
      ]
    },
    "node_modules/@supabase/cli-linux-arm64-musl": {
      "version": "2.118.0-beta.5",
      "resolved": "https://registry.npmjs.org/@supabase/cli-linux-arm64-musl/-/cli-linux-arm64-musl-2.118.0-beta.5.tgz",
      "integrity": "sha512-MboiPhqTqlvy5daT75JitkyDeiCodDUUVG3KhPru5I/yZ3ttNAzMu5GozWfLss1dT12Tti9FX0Yv/C5eWCf2Qg==",
      "cpu": [
        "arm64"
      ],
      "dev": true,
      "libc": [
        "musl"
      ],
      "license": "MIT",
      "optional": true,
      "os": [
        "linux"
      ]
    },
    "node_modules/@supabase/cli-linux-x64": {
      "version": "2.118.0-beta.5",
      "resolved": "https://registry.npmjs.org/@supabase/cli-linux-x64/-/cli-linux-x64-2.118.0-beta.5.tgz",
      "integrity": "sha512-GO5nWKTHm5uWM82v36AV8zVh4AP6l0fRJ9KikyW69mZcsc9xrfpmb+Hxn/euqfX5/kFaLftCpuXYnUEJjdXgZw==",
      "cpu": [
        "x64"
      ],
      "dev": true,
      "libc": [
        "glibc"
      ],
      "license": "MIT",
      "optional": true,
      "os": [
        "linux"
      ]
    },
    "node_modules/@supabase/cli-linux-x64-musl": {
      "version": "2.118.0-beta.5",
      "resolved": "https://registry.npmjs.org/@supabase/cli-linux-x64-musl/-/cli-linux-x64-musl-2.118.0-beta.5.tgz",
      "integrity": "sha512-pLCPkmMGxrIo8OwULnsxuxXr/fITHEnxU2mSTKAjHRcotiOpmKxGSFJkYrOdW0jnKcrhkvxNDWWatXjHCIZ7IQ==",
      "cpu": [
        "x64"
      ],
      "dev": true,
      "libc": [
        "musl"
      ],
      "license": "MIT",
      "optional": true,
      "os": [
        "linux"
      ]
    },
    "node_modules/@supabase/cli-windows-arm64": {
      "version": "2.118.0-beta.5",
      "resolved": "https://registry.npmjs.org/@supabase/cli-windows-arm64/-/cli-windows-arm64-2.118.0-beta.5.tgz",
      "integrity": "sha512-8hpx4QnhzRG2fBsiYll0XR949flBjhKT8AHr3VREulBdzzcgj1M+x6+1l8HHXnTH0WAPmzn3VltNAdYBwwghyQ==",
      "cpu": [
        "arm64"
      ],
      "dev": true,
      "license": "MIT",
      "optional": true,
      "os": [
        "win32"
      ]
    },
    "node_modules/@supabase/cli-windows-x64": {
      "version": "2.118.0-beta.5",
      "resolved": "https://registry.npmjs.org/@supabase/cli-windows-x64/-/cli-windows-x64-2.118.0-beta.5.tgz",
      "integrity": "sha512-xeSfqF6VmN3gMneuXXOxH9jF04tfOXM/vRcHWf9yb/IzWVGzXL8UEu2Uo977XnLstQWYe5qaf+9qo5zwXMavtw==",
      "cpu": [
        "x64"
      ],
      "dev": true,
      "license": "MIT",
      "optional": true,
      "os": [
        "win32"
      ]
    },
    "node_modules/eciesjs": {
      "version": "0.5.0",
      "resolved": "https://registry.npmjs.org/eciesjs/-/eciesjs-0.5.0.tgz",
      "integrity": "sha512-s0J9SEVYAEPg7J63GFMApLYzPH9VNIQIyC6s15JpnqVc0TqcKWdbgFlnAweEBRyMmko2dcs2sfC83Hj4J43tuA==",
      "dev": true,
      "license": "MIT",
      "dependencies": {
        "@ecies/ciphers": "^0.2.6",
        "@noble/ciphers": "^1.3.0",
        "@noble/curves": "^1.9.7",
        "@noble/hashes": "^1.8.0"
      },
      "engines": {
        "bun": ">=1",
        "deno": ">=2.7.10",
        "node": ">=16"
      }
    },
    "node_modules/jose": {
      "version": "6.2.12",
      "resolved": "https://registry.npmjs.org/jose/-/jose-6.2.12.tgz",
      "integrity": "sha512-9NiFmJEex0sy2Dk58j2UGBSHgUs2ypF9eZSu4L6vjOX3Dp96Sw1F3uL+H+D1sx02jZZdzUT0HgvCy59CuvXcWw==",
      "dev": true,
      "license": "MIT",
      "funding": {
        "url": "https://github.com/sponsors/panva"
      }
    },
    "node_modules/supabase": {
      "version": "2.118.0-beta.5",
      "resolved": "https://registry.npmjs.org/supabase/-/supabase-2.118.0-beta.5.tgz",
      "integrity": "sha512-D2QwOlB1n6+t/xhEPX7ppxWBHvL2zuQwZ/Wmal9GyfUwmc+mttBpxJpz+Y5y8THPnrDaknt85gQ6qKaieRN1VA==",
      "dev": true,
      "license": "MIT",
      "dependencies": {
        "eciesjs": "^0.5.0",
        "jose": "^6.2.10"
      },
      "bin": {
        "supabase": "dist/supabase.js"
      },
      "optionalDependencies": {
        "@supabase/cli-darwin-arm64": "2.118.0-beta.5",
        "@supabase/cli-darwin-x64": "2.118.0-beta.5",
        "@supabase/cli-linux-arm64": "2.118.0-beta.5",
        "@supabase/cli-linux-arm64-musl": "2.118.0-beta.5",
        "@supabase/cli-linux-x64": "2.118.0-beta.5",
        "@supabase/cli-linux-x64-musl": "2.118.0-beta.5",
        "@supabase/cli-windows-arm64": "2.118.0-beta.5",
        "@supabase/cli-windows-x64": "2.118.0-beta.5"
      }
    }
  }
}
